
Microsoft Visual Studio Solution File, Format Version 12.00
# Visual Studio Version 16
VisualStudioVersion = 16.0.33801.447
MinimumVisualStudioVersion = 10.0.40219.1
Project("{FAE04EC0-301F-11D3-BF4B-00C04F79EFBC}") = "StatikMvc", "StatikMvc\StatikMvc.csproj", "{E9473D35-7591-4A5C-A083-1DD0E371AB17}"
EndProject
Global
	GlobalSection(SolutionConfigurationPlatforms) = preSolution
		Debug|Any CPU = Debug|Any CPU
		Release|Any CPU = Release|Any CPU
	EndGlobalSection
	GlobalSection(ProjectConfigurationPlatforms) = postSolution
		{E9473D35-7591-4A5C-A083-1DD0E371AB17}.Debug|Any CPU.ActiveCfg = Debug|Any CPU
		{E9473D35-7591-4A5C-A083-1DD0E371AB17}.Debug|Any CPU.Build.0 = Debug|Any CPU
		{E9473D35-7591-4A5C-A083-1DD0E371AB17}.Release|Any CPU.ActiveCfg = Release|Any CPU
		{E9473D35-7591-4A5C-A083-1DD0E371AB17}.Release|Any CPU.Build.0 = Release|Any CPU
	EndGlobalSection
	GlobalSection(SolutionProperties) = preSolution
		HideSolutionNode = FALSE
	EndGlobalSection
	GlobalSection(ExtensibilityGlobals) = postSolution
		SolutionGuid = {AB4E50A6-DF0C-4EFE-B392-10C473B1C809}
	EndGlobalSection
EndGlobal
